# This file is automatically @generated by Cargo.
# It is not intended for manual editing.
[[package]]
name = "compre_combinee"
version = "0.1.4"
dependencies = [
 "proc_monadde_macro_combinee",
]

[[package]]
name = "proc_monadde_macro_combinee"
version = "0.1.4"
source = "git+https://github.com/madwareru/proc_monadde_macro_combinee#ec7d28aa2c4025c19456664b755074c05b4f0290"
