# This file is automatically @generated by Cargo.
# It is not intended for manual editing.
[[package]]
name = "compre_combinee"
version = "0.1.1"
dependencies = [
 "proc_monadde_macro_combinee",
]

[[package]]
name = "proc_monadde_macro_combinee"
version = "0.1.1"
source = "git+https://github.com/madwareru/proc_monadde_macro_combinee#e0f361b053f5938688344ae523c0dc41faf3da1d"
