# This file is automatically @generated by Cargo.
# It is not intended for manual editing.
[[package]]
name = "compre_combinee"
version = "0.1.0"
dependencies = [
 "proc_monadde_macro_combinee",
]

[[package]]
name = "proc_monadde_macro_combinee"
version = "0.1.0"
source = "git+https://github.com/madwareru/proc_monadde_macro_combinee#d3cb5873db0a79a1bb337eef5b123a80fbf5b71e"
